
Microsoft Visual Studio Solution File, Format Version 12.00
# Visual Studio Version 16
VisualStudioVersion = 16.0.36631.11
MinimumVisualStudioVersion = 10.0.40219.1
Project("{FAE04EC0-301F-11D3-BF4B-00C04F79EFBC}") = "SampleApp_CSharp", "SampleApp_CSharp\SampleApp_CSharp.csproj", "{4F71CF66-9F48-4023-B42E-9889CEC32D64}"
EndProject
Global
	GlobalSection(SolutionConfigurationPlatforms) = preSolution
		Debug|Any CPU = Debug|Any CPU
		Release|Any CPU = Release|Any CPU
	EndGlobalSection
	GlobalSection(ProjectConfigurationPlatforms) = postSolution
		{4F71CF66-9F48-4023-B42E-9889CEC32D64}.Debug|Any CPU.ActiveCfg = Debug|Any CPU
		{4F71CF66-9F48-4023-B42E-9889CEC32D64}.Debug|Any CPU.Build.0 = Debug|Any CPU
		{4F71CF66-9F48-4023-B42E-9889CEC32D64}.Release|Any CPU.ActiveCfg = Release|Any CPU
		{4F71CF66-9F48-4023-B42E-9889CEC32D64}.Release|Any CPU.Build.0 = Release|Any CPU
	EndGlobalSection
	GlobalSection(SolutionProperties) = preSolution
		HideSolutionNode = FALSE
	EndGlobalSection
	GlobalSection(ExtensibilityGlobals) = postSolution
		SolutionGuid = {261AFFBC-500C-4915-90E0-7B762B39FF50}
	EndGlobalSection
	GlobalSection(DPCodeReviewSolutionGUID) = preSolution
		DPCodeReviewSolutionGUID = {00000000-0000-0000-0000-000000000000}
	EndGlobalSection
EndGlobal
